github.com/bwmarrin/discordgo v0.22.0 h1:uBxY1HmlVCsW1IuaPjpCGT6A2DBwRn0nvOguQIxDdFM=
github.com/bwmarrin/discordgo v0.22.0/go.mod h1:c1WtWUGN6nREDmzIpyTp/iD3VYt4Fpx+bVyfBG7JE+M=
github.com/deet/govenmo v0.0.0-20140819142151-9f08e21c8a01 h1:SV5WjmurjyqN9sb1+jwg/a9szLcQnNbK9tYfyQgNy00=
github.com/deet/govenmo v0.0.0-20140819142151-9f08e21c8a01/go.mod h1:/Xu9diOGEoqEzQLAcA4qTUk/jHwUrvZHCinaiP/jiDY=
github.com/gorilla/websocket v1.4.0 h1:WDFjx/TMzVgy9VdMMQi2K2Emtwi2QcUQsztZ/zLaH/Q=
github.com/gorilla/websocket v1.4.0/go.mod h1:E7qHFY5m1UJ88s3WnNqhKjPHQ0heANvMoAMk2YaljkQ=
github.com/plaid/plaid-go v0.0.0-20201218232658-0eeb7d956529 h1:Ap8fUJpO44MmEsI8pE0Kj0wVltwCFYHHml6h60DZ6s4=
github.com/plaid/plaid-go v0.0.0-20201218232658-0eeb7d956529/go.mod h1:c7cDT1Lkcr0AgKJGVIG+oCa07jOrrg4Um8nduQ1eQN0=
github.com/radovskyb/watcher v1.0.7 h1:AYePLih6dpmS32vlHfhCeli8127LzkIgwJGcwwe8tUE=
github.com/radovskyb/watcher v1.0.7/go.mod h1:78okwvY5wPdzcb1UYnip1pvrZNIVEIh/Cm+ZuvsUYIg=
github.com/robfig/cron v1.2.0 h1:ZjScXvvxeQ63Dbyxy76Fj3AT3Ut0aKsyd2/tl3DTMuQ=
github.com/robfig/cron v1.2.0/go.mod h1:JGuDeoQd7Z6yL4zQhZ3OPEVHB7fL6Ka6skscFHfmt2k=
golang.org/x/crypto v0.0.0-20181030102418-4d3f4d9ffa16 h1:y6ce7gCWtnH+m3dCjzQ1PCuwl28DDIc3VNnvY29DlIA=
golang.org/x/crypto v0.0.0-20181030102418-4d3f4d9ffa16/go.mod h1:6SG95UA2DQfeDnfUPMdvaQW0Q7yPrPDi9nlGo2tz2b4=
gopkg.in/robfig/cron.v2 v2.0.0-20150107220207-be2e0b0deed5 h1:E846t8CnR+lv5nE+VuiKTDG/v1U2stad0QzddfJC7kY=
gopkg.in/robfig/cron.v2 v2.0.0-20150107220207-be2e0b0deed5/go.mod h1:hiOFpYm0ZJbusNj2ywpbrXowU3G8U6GIQzqn2mw1UIE=
